
Microsoft Visual Studio Solution File, Format Version 12.00
# Visual Studio Version 16
VisualStudioVersion = 16.0.29418.71
MinimumVisualStudioVersion = 10.0.40219.1
Project("{FAE04EC0-301F-11D3-BF4B-00C04F79EFBC}") = "TPSWeb-API", "TPSWeb-API\TPSWeb-API.csproj", "{C03CDE82-04EA-4EFC-9ADE-B0C82F6F47CD}"
EndProject
Project("{FAE04EC0-301F-11D3-BF4B-00C04F79EFBC}") = "TPSWeb-API.Core", "TPSWeb-API.Core\TPSWeb-API.Core.csproj", "{F43C5E52-1528-4E64-9C06-4179708D991C}"
EndProject
Global
	GlobalSection(SolutionConfigurationPlatforms) = preSolution
		Debug|Any CPU = Debug|Any CPU
		Release|Any CPU = Release|Any CPU
	EndGlobalSection
	GlobalSection(ProjectConfigurationPlatforms) = postSolution
		{C03CDE82-04EA-4EFC-9ADE-B0C82F6F47CD}.Debug|Any CPU.ActiveCfg = Debug|Any CPU
		{C03CDE82-04EA-4EFC-9ADE-B0C82F6F47CD}.Debug|Any CPU.Build.0 = Debug|Any CPU
		{C03CDE82-04EA-4EFC-9ADE-B0C82F6F47CD}.Release|Any CPU.ActiveCfg = Release|Any CPU
		{C03CDE82-04EA-4EFC-9ADE-B0C82F6F47CD}.Release|Any CPU.Build.0 = Release|Any CPU
		{F43C5E52-1528-4E64-9C06-4179708D991C}.Debug|Any CPU.ActiveCfg = Debug|Any CPU
		{F43C5E52-1528-4E64-9C06-4179708D991C}.Debug|Any CPU.Build.0 = Debug|Any CPU
		{F43C5E52-1528-4E64-9C06-4179708D991C}.Release|Any CPU.ActiveCfg = Release|Any CPU
		{F43C5E52-1528-4E64-9C06-4179708D991C}.Release|Any CPU.Build.0 = Release|Any CPU
	EndGlobalSection
	GlobalSection(SolutionProperties) = preSolution
		HideSolutionNode = FALSE
	EndGlobalSection
	GlobalSection(ExtensibilityGlobals) = postSolution
		SolutionGuid = {7F4F3957-3B74-403F-9C7F-F7F1091955C2}
	EndGlobalSection
EndGlobal
